// !$*UTF8*$!
{
	archiveVersion = 1;
	classes = {
	};
	objectVersion = 55;
	objects = {

/* Begin PBXBuildFile section */
		EE16B0FB273CDBCB001CB3B4 /* TaskView.swift in Sources */ = {isa = PBXBuildFile; fileRef = EE16B0FA273CDBCB001CB3B4 /* TaskView.swift */; };
		EE31B9E327575CAE00020292 /* PomodorosView.swift in Sources */ = {isa = PBXBuildFile; fileRef = EE31B9E227575CAE00020292 /* PomodorosView.swift */; };
		EE31B9E52757651B00020292 /* PomodoroView.swift in Sources */ = {isa = PBXBuildFile; fileRef = EE31B9E42757651B00020292 /* PomodoroView.swift */; };
		EE3DE96E276AE38000A2BD52 /* FirebaseAuth in Frameworks */ = {isa = PBXBuildFile; productRef = EE3DE96D276AE38000A2BD52 /* FirebaseAuth */; };
		EE3DE970276AE38000A2BD52 /* FirebaseFirestore in Frameworks */ = {isa = PBXBuildFile; productRef = EE3DE96F276AE38000A2BD52 /* FirebaseFirestore */; };
		EE3DE972276AE38000A2BD52 /* FirebaseStorage in Frameworks */ = {isa = PBXBuildFile; productRef = EE3DE971276AE38000A2BD52 /* FirebaseStorage */; };
		EE3DE974276AF07400A2BD52 /* GoogleService-Info.plist in Resources */ = {isa = PBXBuildFile; fileRef = EE3DE973276AF07400A2BD52 /* GoogleService-Info.plist */; };
		EE3DE976276AF0BF00A2BD52 /* LoginView.swift in Sources */ = {isa = PBXBuildFile; fileRef = EE3DE975276AF0BF00A2BD52 /* LoginView.swift */; };
		EE3DE979276B155800A2BD52 /* FirebaseManager.swift in Sources */ = {isa = PBXBuildFile; fileRef = EE3DE978276B155800A2BD52 /* FirebaseManager.swift */; };
		EE54BD8B27204EF0002F6272 /* ToDoApp.swift in Sources */ = {isa = PBXBuildFile; fileRef = EE54BD8A27204EF0002F6272 /* ToDoApp.swift */; };
		EE54BD8F27204EF0002F6272 /* Assets.xcassets in Resources */ = {isa = PBXBuildFile; fileRef = EE54BD8E27204EF0002F6272 /* Assets.xcassets */; };
		EE54BD9227204EF0002F6272 /* Preview Assets.xcassets in Resources */ = {isa = PBXBuildFile; fileRef = EE54BD9127204EF0002F6272 /* Preview Assets.xcassets */; };
		EE55884427622DC900341611 /* stick_background.jpg in Resources */ = {isa = PBXBuildFile; fileRef = EE55884327622DC900341611 /* stick_background.jpg */; };
		EE5ED450276C622A00605E1F /* UserModel.swift in Sources */ = {isa = PBXBuildFile; fileRef = EE5ED44F276C622A00605E1F /* UserModel.swift */; };
		EE5F67AB2761F49D003A031A /* button_retry_up.png in Resources */ = {isa = PBXBuildFile; fileRef = EE5F679A2761F49D003A031A /* button_retry_up.png */; };
		EE5F67AC2761F49D003A031A /* human1.png in Resources */ = {isa = PBXBuildFile; fileRef = EE5F679B2761F49D003A031A /* human1.png */; };
		EE5F67AD2761F49D003A031A /* human2.png in Resources */ = {isa = PBXBuildFile; fileRef = EE5F679C2761F49D003A031A /* human2.png */; };
		EE5F67AF2761F49D003A031A /* button_retry_down.png in Resources */ = {isa = PBXBuildFile; fileRef = EE5F679E2761F49D003A031A /* button_retry_down.png */; };
		EE5F67B02761F49D003A031A /* StarExplosion.sks in Resources */ = {isa = PBXBuildFile; fileRef = EE5F67A02761F49D003A031A /* StarExplosion.sks */; };
		EE5F67B12761F49D003A031A /* starParticle.png in Resources */ = {isa = PBXBuildFile; fileRef = EE5F67A12761F49D003A031A /* starParticle.png */; };
		EE5F67B22761F49D003A031A /* stick_grow_loop.wav in Resources */ = {isa = PBXBuildFile; fileRef = EE5F67A32761F49D003A031A /* stick_grow_loop.wav */; };
		EE5F67B32761F49D003A031A /* fall.wav in Resources */ = {isa = PBXBuildFile; fileRef = EE5F67A42761F49D003A031A /* fall.wav */; };
		EE5F67B42761F49D003A031A /* victory.wav in Resources */ = {isa = PBXBuildFile; fileRef = EE5F67A52761F49D003A031A /* victory.wav */; };
		EE5F67B52761F49D003A031A /* highScore.wav in Resources */ = {isa = PBXBuildFile; fileRef = EE5F67A62761F49D003A031A /* highScore.wav */; };
		EE5F67B62761F49D003A031A /* kick.wav in Resources */ = {isa = PBXBuildFile; fileRef = EE5F67A72761F49D003A031A /* kick.wav */; };
		EE5F67B72761F49D003A031A /* bg_country.mp3 in Resources */ = {isa = PBXBuildFile; fileRef = EE5F67A82761F49D003A031A /* bg_country.mp3 */; };
		EE5F67B82761F49D003A031A /* touch_mid.wav in Resources */ = {isa = PBXBuildFile; fileRef = EE5F67A92761F49D003A031A /* touch_mid.wav */; };
		EE5F67B92761F49D003A031A /* dead.wav in Resources */ = {isa = PBXBuildFile; fileRef = EE5F67AA2761F49D003A031A /* dead.wav */; };
		EE5F67BB2761FBA3003A031A /* GameView.swift in Sources */ = {isa = PBXBuildFile; fileRef = EE5F67BA2761FBA3003A031A /* GameView.swift */; };
		EE5FDC7E2764C46300BC497D /* StartView.swift in Sources */ = {isa = PBXBuildFile; fileRef = EE5FDC7D2764C46300BC497D /* StartView.swift */; };
		EE5FDC802764C4EF00BC497D /* NoGameView.swift in Sources */ = {isa = PBXBuildFile; fileRef = EE5FDC7F2764C4EF00BC497D /* NoGameView.swift */; };
		EE724193273C0895005D8D2A /* AddView.swift in Sources */ = {isa = PBXBuildFile; fileRef = EE724192273C0895005D8D2A /* AddView.swift */; };
		EE724199273CAD28005D8D2A /* ItemModel.swift in Sources */ = {isa = PBXBuildFile; fileRef = EE724198273CAD28005D8D2A /* ItemModel.swift */; };
		EE72419B273CB7DA005D8D2A /* TasksView.swift in Sources */ = {isa = PBXBuildFile; fileRef = EE72419A273CB7DA005D8D2A /* TasksView.swift */; };
		EE72419D273CB850005D8D2A /* TasksVM.swift in Sources */ = {isa = PBXBuildFile; fileRef = EE72419C273CB850005D8D2A /* TasksVM.swift */; };
		EEA303DA274E691D00C5486E /* TimerView.swift in Sources */ = {isa = PBXBuildFile; fileRef = EEA303D9274E691D00C5486E /* TimerView.swift */; };
		EEA9EECB27476E7700595B23 /* PriorityType.swift in Sources */ = {isa = PBXBuildFile; fileRef = EEA9EECA27476E7700595B23 /* PriorityType.swift */; };
		EEC255072761B99E00BD5078 /* PlayView.swift in Sources */ = {isa = PBXBuildFile; fileRef = EEC255062761B99E00BD5078 /* PlayView.swift */; };
		EEC9D5A42761F3B400FC1124 /* GameViewController.swift in Sources */ = {isa = PBXBuildFile; fileRef = EEC9D5992761F3B400FC1124 /* GameViewController.swift */; };
		EEC9D5A62761F3B400FC1124 /* Defined.swift in Sources */ = {isa = PBXBuildFile; fileRef = EEC9D59B2761F3B400FC1124 /* Defined.swift */; };
		EEC9D5A92761F3B400FC1124 /* StickHeroGameScene.swift in Sources */ = {isa = PBXBuildFile; fileRef = EEC9D5A02761F3B400FC1124 /* StickHeroGameScene.swift */; };
		EEC9D5AA2761F3B400FC1124 /* Tools.swift in Sources */ = {isa = PBXBuildFile; fileRef = EEC9D5A12761F3B400FC1124 /* Tools.swift */; };
		EEE0C29A27686F5900E9ADE1 /* SettingsView.swift in Sources */ = {isa = PBXBuildFile; fileRef = EEE0C29927686F5900E9ADE1 /* SettingsView.swift */; };
		EEE0C29C2768810A00E9ADE1 /* 500-milliseconds-of-silence.mp3 in Resources */ = {isa = PBXBuildFile; fileRef = EEE0C29B2768810A00E9ADE1 /* 500-milliseconds-of-silence.mp3 */; };
		EEE0C29E27688A9700E9ADE1 /* SoundManager.swift in Sources */ = {isa = PBXBuildFile; fileRef = EEE0C29D27688A9700E9ADE1 /* SoundManager.swift */; };
		EEEEB305276ED4B9009C7589 /* EditView.swift in Sources */ = {isa = PBXBuildFile; fileRef = EEEEB304276ED4B9009C7589 /* EditView.swift */; };
/* End PBXBuildFile section */

/* Begin PBXFileReference section */
		EE16B0FA273CDBCB001CB3B4 /* TaskView.swift */ = {isa = PBXFileReference; lastKnownFileType = sourcecode.swift; path = TaskView.swift; sourceTree = "<group>"; };
		EE31B9E227575CAE00020292 /* PomodorosView.swift */ = {isa = PBXFileReference; lastKnownFileType = sourcecode.swift; path = PomodorosView.swift; sourceTree = "<group>"; };
		EE31B9E42757651B00020292 /* PomodoroView.swift */ = {isa = PBXFileReference; lastKnownFileType = sourcecode.swift; path = PomodoroView.swift; sourceTree = "<group>"; };
		EE3DE973276AF07400A2BD52 /* GoogleService-Info.plist */ = {isa = PBXFileReference; fileEncoding = 4; lastKnownFileType = text.plist.xml; path = "GoogleService-Info.plist"; sourceTree = "<group>"; };
		EE3DE975276AF0BF00A2BD52 /* LoginView.swift */ = {isa = PBXFileReference; fileEncoding = 4; lastKnownFileType = sourcecode.swift; path = LoginView.swift; sourceTree = "<group>"; };
		EE3DE978276B155800A2BD52 /* FirebaseManager.swift */ = {isa = PBXFileReference; lastKnownFileType = sourcecode.swift; path = FirebaseManager.swift; sourceTree = "<group>"; };
		EE54BD8727204EF0002F6272 /* ToDo.app */ = {isa = PBXFileReference; explicitFileType = wrapper.application; includeInIndex = 0; path = ToDo.app; sourceTree = BUILT_PRODUCTS_DIR; };
		EE54BD8A27204EF0002F6272 /* ToDoApp.swift */ = {isa = PBXFileReference; lastKnownFileType = sourcecode.swift; path = ToDoApp.swift; sourceTree = "<group>"; };
		EE54BD8E27204EF0002F6272 /* Assets.xcassets */ = {isa = PBXFileReference; lastKnownFileType = folder.assetcatalog; path = Assets.xcassets; sourceTree = "<group>"; };
		EE54BD9127204EF0002F6272 /* Preview Assets.xcassets */ = {isa = PBXFileReference; lastKnownFileType = folder.assetcatalog; path = "Preview Assets.xcassets"; sourceTree = "<group>"; };
		EE55884327622DC900341611 /* stick_background.jpg */ = {isa = PBXFileReference; lastKnownFileType = image.jpeg; path = stick_background.jpg; sourceTree = "<group>"; };
		EE5ED44F276C622A00605E1F /* UserModel.swift */ = {isa = PBXFileReference; lastKnownFileType = sourcecode.swift; path = UserModel.swift; sourceTree = "<group>"; };
		EE5F679A2761F49D003A031A /* button_retry_up.png */ = {isa = PBXFileReference; lastKnownFileType = image.png; path = button_retry_up.png; sourceTree = "<group>"; };
		EE5F679B2761F49D003A031A /* human1.png */ = {isa = PBXFileReference; lastKnownFileType = image.png; path = human1.png; sourceTree = "<group>"; };
		EE5F679C2761F49D003A031A /* human2.png */ = {isa = PBXFileReference; lastKnownFileType = image.png; path = human2.png; sourceTree = "<group>"; };
		EE5F679E2761F49D003A031A /* button_retry_down.png */ = {isa = PBXFileReference; lastKnownFileType = image.png; path = button_retry_down.png; sourceTree = "<group>"; };
		EE5F67A02761F49D003A031A /* StarExplosion.sks */ = {isa = PBXFileReference; lastKnownFileType = file.sks; path = StarExplosion.sks; sourceTree = "<group>"; };
		EE5F67A12761F49D003A031A /* starParticle.png */ = {isa = PBXFileReference; lastKnownFileType = image.png; path = starParticle.png; sourceTree = "<group>"; };
		EE5F67A32761F49D003A031A /* stick_grow_loop.wav */ = {isa = PBXFileReference; lastKnownFileType = audio.wav; path = stick_grow_loop.wav; sourceTree = "<group>"; };
		EE5F67A42761F49D003A031A /* fall.wav */ = {isa = PBXFileReference; lastKnownFileType = audio.wav; path = fall.wav; sourceTree = "<group>"; };
		EE5F67A52761F49D003A031A /* victory.wav */ = {isa = PBXFileReference; lastKnownFileType = audio.wav; path = victory.wav; sourceTree = "<group>"; };
		EE5F67A62761F49D003A031A /* highScore.wav */ = {isa = PBXFileReference; lastKnownFileType = audio.wav; path = highScore.wav; sourceTree = "<group>"; };
		EE5F67A72761F49D003A031A /* kick.wav */ = {isa = PBXFileReference; lastKnownFileType = audio.wav; path = kick.wav; sourceTree = "<group>"; };
		EE5F67A82761F49D003A031A /* bg_country.mp3 */ = {isa = PBXFileReference; lastKnownFileType = audio.mp3; path = bg_country.mp3; sourceTree = "<group>"; };
		EE5F67A92761F49D003A031A /* touch_mid.wav */ = {isa = PBXFileReference; lastKnownFileType = audio.wav; path = touch_mid.wav; sourceTree = "<group>"; };
		EE5F67AA2761F49D003A031A /* dead.wav */ = {isa = PBXFileReference; lastKnownFileType = audio.wav; path = dead.wav; sourceTree = "<group>"; };
		EE5F67BA2761FBA3003A031A /* GameView.swift */ = {isa = PBXFileReference; lastKnownFileType = sourcecode.swift; path = GameView.swift; sourceTree = "<group>"; };
		EE5FDC7D2764C46300BC497D /* StartView.swift */ = {isa = PBXFileReference; lastKnownFileType = sourcecode.swift; path = StartView.swift; sourceTree = "<group>"; };
		EE5FDC7F2764C4EF00BC497D /* NoGameView.swift */ = {isa = PBXFileReference; lastKnownFileType = sourcecode.swift; path = NoGameView.swift; sourceTree = "<group>"; };
		EE724192273C0895005D8D2A /* AddView.swift */ = {isa = PBXFileReference; lastKnownFileType = sourcecode.swift; path = AddView.swift; sourceTree = "<group>"; };
		EE724198273CAD28005D8D2A /* ItemModel.swift */ = {isa = PBXFileReference; lastKnownFileType = sourcecode.swift; path = ItemModel.swift; sourceTree = "<group>"; };
		EE72419A273CB7DA005D8D2A /* TasksView.swift */ = {isa = PBXFileReference; lastKnownFileType = sourcecode.swift; path = TasksView.swift; sourceTree = "<group>"; };
		EE72419C273CB850005D8D2A /* TasksVM.swift */ = {isa = PBXFileReference; lastKnownFileType = sourcecode.swift; path = TasksVM.swift; sourceTree = "<group>"; };
		EEA303D9274E691D00C5486E /* TimerView.swift */ = {isa = PBXFileReference; lastKnownFileType = sourcecode.swift; path = TimerView.swift; sourceTree = "<group>"; };
		EEA9EECA27476E7700595B23 /* PriorityType.swift */ = {isa = PBXFileReference; lastKnownFileType = sourcecode.swift; path = PriorityType.swift; sourceTree = "<group>"; };
		EEC255062761B99E00BD5078 /* PlayView.swift */ = {isa = PBXFileReference; lastKnownFileType = sourcecode.swift; path = PlayView.swift; sourceTree = "<group>"; };
		EEC9D5992761F3B400FC1124 /* GameViewController.swift */ = {isa = PBXFileReference; fileEncoding = 4; lastKnownFileType = sourcecode.swift; path = GameViewController.swift; sourceTree = "<group>"; };
		EEC9D59B2761F3B400FC1124 /* Defined.swift */ = {isa = PBXFileReference; fileEncoding = 4; lastKnownFileType = sourcecode.swift; path = Defined.swift; sourceTree = "<group>"; };
		EEC9D5A02761F3B400FC1124 /* StickHeroGameScene.swift */ = {isa = PBXFileReference; fileEncoding = 4; lastKnownFileType = sourcecode.swift; path = StickHeroGameScene.swift; sourceTree = "<group>"; };
		EEC9D5A12761F3B400FC1124 /* Tools.swift */ = {isa = PBXFileReference; fileEncoding = 4; lastKnownFileType = sourcecode.swift; path = Tools.swift; sourceTree = "<group>"; };
		EEE0C29927686F5900E9ADE1 /* SettingsView.swift */ = {isa = PBXFileReference; lastKnownFileType = sourcecode.swift; path = SettingsView.swift; sourceTree = "<group>"; };
		EEE0C29B2768810A00E9ADE1 /* 500-milliseconds-of-silence.mp3 */ = {isa = PBXFileReference; lastKnownFileType = audio.mp3; path = "500-milliseconds-of-silence.mp3"; sourceTree = "<group>"; };
		EEE0C29D27688A9700E9ADE1 /* SoundManager.swift */ = {isa = PBXFileReference; lastKnownFileType = sourcecode.swift; path = SoundManager.swift; sourceTree = "<group>"; };
		EEEEB304276ED4B9009C7589 /* EditView.swift */ = {isa = PBXFileReference; lastKnownFileType = sourcecode.swift; path = EditView.swift; sourceTree = "<group>"; };
/* End PBXFileReference section */

/* Begin PBXFrameworksBuildPhase section */
		EE54BD8427204EF0002F6272 /* Frameworks */ = {
			isa = PBXFrameworksBuildPhase;
			buildActionMask = 2147483647;
			files = (
				EE3DE96E276AE38000A2BD52 /* FirebaseAuth in Frameworks */,
				EE3DE970276AE38000A2BD52 /* FirebaseFirestore in Frameworks */,
				EE3DE972276AE38000A2BD52 /* FirebaseStorage in Frameworks */,
			);
			runOnlyForDeploymentPostprocessing = 0;
		};
/* End PBXFrameworksBuildPhase section */

/* Begin PBXGroup section */
		EE3DE977276B154900A2BD52 /* Utils */ = {
			isa = PBXGroup;
			children = (
				EE3DE978276B155800A2BD52 /* FirebaseManager.swift */,
			);
			path = Utils;
			sourceTree = "<group>";
		};
		EE54BD7E27204EF0002F6272 = {
			isa = PBXGroup;
			children = (
				EE54BD8927204EF0002F6272 /* ToDo */,
				EE54BD8827204EF0002F6272 /* Products */,
			);
			sourceTree = "<group>";
		};
		EE54BD8827204EF0002F6272 /* Products */ = {
			isa = PBXGroup;
			children = (
				EE54BD8727204EF0002F6272 /* ToDo.app */,
			);
			name = Products;
			sourceTree = "<group>";
		};
		EE54BD8927204EF0002F6272 /* ToDo */ = {
			isa = PBXGroup;
			children = (
				EE54BD8A27204EF0002F6272 /* ToDoApp.swift */,
				EE3DE977276B154900A2BD52 /* Utils */,
				EEAF2CC4273E062400C6781F /* Views */,
				EEAF2CC6273E066200C6781F /* ViewModels */,
				EEAF2CC5273E065200C6781F /* Models */,
				EEA9EEC927476E5A00595B23 /* Enums */,
				EEE0C29D27688A9700E9ADE1 /* SoundManager.swift */,
				EE54BD8E27204EF0002F6272 /* Assets.xcassets */,
				EE54BD9027204EF0002F6272 /* Preview Content */,
				EE3DE973276AF07400A2BD52 /* GoogleService-Info.plist */,
				EEC9D5982761F3B400FC1124 /* Stick-Hero */,
			);
			path = ToDo;
			sourceTree = "<group>";
		};
		EE54BD9027204EF0002F6272 /* Preview Content */ = {
			isa = PBXGroup;
			children = (
				EE54BD9127204EF0002F6272 /* Preview Assets.xcassets */,
			);
			path = "Preview Content";
			sourceTree = "<group>";
		};
		EE5F67822761F41A003A031A /* Scenes */ = {
			isa = PBXGroup;
			children = (
				EEC9D5A02761F3B400FC1124 /* StickHeroGameScene.swift */,
				EEC9D59B2761F3B400FC1124 /* Defined.swift */,
				EEC9D5A12761F3B400FC1124 /* Tools.swift */,
			);
			path = Scenes;
			sourceTree = "<group>";
		};
		EE5F67982761F49D003A031A /* Assets */ = {
			isa = PBXGroup;
			children = (
				EE5F67992761F49D003A031A /* Images */,
				EE5F679F2761F49D003A031A /* Sks */,
				EE5F67A22761F49D003A031A /* Sound */,
			);
			path = Assets;
			sourceTree = "<group>";
		};
		EE5F67992761F49D003A031A /* Images */ = {
			isa = PBXGroup;
			children = (
				EE5F679A2761F49D003A031A /* button_retry_up.png */,
				EE5F679B2761F49D003A031A /* human1.png */,
				EE5F679C2761F49D003A031A /* human2.png */,
				EE55884327622DC900341611 /* stick_background.jpg */,
				EE5F679E2761F49D003A031A /* button_retry_down.png */,
			);
			path = Images;
			sourceTree = "<group>";
		};
		EE5F679F2761F49D003A031A /* Sks */ = {
			isa = PBXGroup;
			children = (
				EE5F67A02761F49D003A031A /* StarExplosion.sks */,
				EE5F67A12761F49D003A031A /* starParticle.png */,
			);
			path = Sks;
			sourceTree = "<group>";
		};
		EE5F67A22761F49D003A031A /* Sound */ = {
			isa = PBXGroup;
			children = (
				EEE0C29B2768810A00E9ADE1 /* 500-milliseconds-of-silence.mp3 */,
				EE5F67A32761F49D003A031A /* stick_grow_loop.wav */,
				EE5F67A42761F49D003A031A /* fall.wav */,
				EE5F67A52761F49D003A031A /* victory.wav */,
				EE5F67A62761F49D003A031A /* highScore.wav */,
				EE5F67A72761F49D003A031A /* kick.wav */,
				EE5F67A82761F49D003A031A /* bg_country.mp3 */,
				EE5F67A92761F49D003A031A /* touch_mid.wav */,
				EE5F67AA2761F49D003A031A /* dead.wav */,
			);
			path = Sound;
			sourceTree = "<group>";
		};
		EEA9EEC927476E5A00595B23 /* Enums */ = {
			isa = PBXGroup;
			children = (
				EEA9EECA27476E7700595B23 /* PriorityType.swift */,
			);
			path = Enums;
			sourceTree = "<group>";
		};
		EEAF2CC4273E062400C6781F /* Views */ = {
			isa = PBXGroup;
			children = (
				EEE53EF92761DEBD005D764F /* GameViews */,
				EEC255082761B9AF00BD5078 /* ToDoViews */,
				EEE0C29927686F5900E9ADE1 /* SettingsView.swift */,
				EE3DE975276AF0BF00A2BD52 /* LoginView.swift */,
			);
			path = Views;
			sourceTree = "<group>";
		};
		EEAF2CC5273E065200C6781F /* Models */ = {
			isa = PBXGroup;
			children = (
				EE724198273CAD28005D8D2A /* ItemModel.swift */,
				EE5ED44F276C622A00605E1F /* UserModel.swift */,
			);
			path = Models;
			sourceTree = "<group>";
		};
		EEAF2CC6273E066200C6781F /* ViewModels */ = {
			isa = PBXGroup;
			children = (
				EE72419C273CB850005D8D2A /* TasksVM.swift */,
			);
			path = ViewModels;
			sourceTree = "<group>";
		};
		EEC255082761B9AF00BD5078 /* ToDoViews */ = {
			isa = PBXGroup;
			children = (
				EE72419A273CB7DA005D8D2A /* TasksView.swift */,
				EE16B0FA273CDBCB001CB3B4 /* TaskView.swift */,
				EE724192273C0895005D8D2A /* AddView.swift */,
				EEEEB304276ED4B9009C7589 /* EditView.swift */,
				EE31B9E227575CAE00020292 /* PomodorosView.swift */,
				EE31B9E42757651B00020292 /* PomodoroView.swift */,
				EEA303D9274E691D00C5486E /* TimerView.swift */,
			);
			path = ToDoViews;
			sourceTree = "<group>";
		};
		EEC9D5982761F3B400FC1124 /* Stick-Hero */ = {
			isa = PBXGroup;
			children = (
				EE5F67822761F41A003A031A /* Scenes */,
				EEC9D5992761F3B400FC1124 /* GameViewController.swift */,
				EE5F67982761F49D003A031A /* Assets */,
			);
			path = "Stick-Hero";
			sourceTree = "<group>";
		};
		EEE53EF92761DEBD005D764F /* GameViews */ = {
			isa = PBXGroup;
			children = (
				EE5FDC7D2764C46300BC497D /* StartView.swift */,
				EEC255062761B99E00BD5078 /* PlayView.swift */,
				EE5FDC7F2764C4EF00BC497D /* NoGameView.swift */,
				EE5F67BA2761FBA3003A031A /* GameView.swift */,
			);
			path = GameViews;
			sourceTree = "<group>";
		};
/* End PBXGroup section */

/* Begin PBXNativeTarget section */
		EE54BD8627204EF0002F6272 /* ToDo */ = {
			isa = PBXNativeTarget;
			buildConfigurationList = EE54BD9527204EF0002F6272 /* Build configuration list for PBXNativeTarget "ToDo" */;
			buildPhases = (
				EE54BD8327204EF0002F6272 /* Sources */,
				EE54BD8427204EF0002F6272 /* Frameworks */,
				EE54BD8527204EF0002F6272 /* Resources */,
			);
			buildRules = (
			);
			dependencies = (
			);
			name = ToDo;
			packageProductDependencies = (
				EE3DE96D276AE38000A2BD52 /* FirebaseAuth */,
				EE3DE96F276AE38000A2BD52 /* FirebaseFirestore */,
				EE3DE971276AE38000A2BD52 /* FirebaseStorage */,
			);
			productName = ToDo;
			productReference = EE54BD8727204EF0002F6272 /* ToDo.app */;
			productType = "com.apple.product-type.application";
		};
/* End PBXNativeTarget section */

/* Begin PBXProject section */
		EE54BD7F27204EF0002F6272 /* Project object */ = {
			isa = PBXProject;
			attributes = {
				BuildIndependentTargetsInParallel = 1;
				LastSwiftUpdateCheck = 1300;
				LastUpgradeCheck = 1300;
				TargetAttributes = {
					EE54BD8627204EF0002F6272 = {
						CreatedOnToolsVersion = 13.0;
					};
				};
			};
			buildConfigurationList = EE54BD8227204EF0002F6272 /* Build configuration list for PBXProject "ToDo" */;
			compatibilityVersion = "Xcode 13.0";
			developmentRegion = en;
			hasScannedForEncodings = 0;
			knownRegions = (
				en,
				Base,
			);
			mainGroup = EE54BD7E27204EF0002F6272;
			packageReferences = (
				EE3DE96C276AE38000A2BD52 /* XCRemoteSwiftPackageReference "firebase-ios-sdk" */,
			);
			productRefGroup = EE54BD8827204EF0002F6272 /* Products */;
			projectDirPath = "";
			projectRoot = "";
			targets = (
				EE54BD8627204EF0002F6272 /* ToDo */,
			);
		};
/* End PBXProject section */

/* Begin PBXResourcesBuildPhase section */
		EE54BD8527204EF0002F6272 /* Resources */ = {
			isa = PBXResourcesBuildPhase;
			buildActionMask = 2147483647;
			files = (
				EE5F67B62761F49D003A031A /* kick.wav in Resources */,
				EEE0C29C2768810A00E9ADE1 /* 500-milliseconds-of-silence.mp3 in Resources */,
				EE5F67B12761F49D003A031A /* starParticle.png in Resources */,
				EE5F67AF2761F49D003A031A /* button_retry_down.png in Resources */,
				EE5F67B92761F49D003A031A /* dead.wav in Resources */,
				EE5F67AD2761F49D003A031A /* human2.png in Resources */,
				EE5F67B82761F49D003A031A /* touch_mid.wav in Resources */,
				EE5F67B32761F49D003A031A /* fall.wav in Resources */,
				EE55884427622DC900341611 /* stick_background.jpg in Resources */,
				EE5F67B22761F49D003A031A /* stick_grow_loop.wav in Resources */,
				EE5F67B02761F49D003A031A /* StarExplosion.sks in Resources */,
				EE3DE974276AF07400A2BD52 /* GoogleService-Info.plist in Resources */,
				EE54BD9227204EF0002F6272 /* Preview Assets.xcassets in Resources */,
				EE5F67B52761F49D003A031A /* highScore.wav in Resources */,
				EE54BD8F27204EF0002F6272 /* Assets.xcassets in Resources */,
				EE5F67AB2761F49D003A031A /* button_retry_up.png in Resources */,
				EE5F67AC2761F49D003A031A /* human1.png in Resources */,
				EE5F67B42761F49D003A031A /* victory.wav in Resources */,
				EE5F67B72761F49D003A031A /* bg_country.mp3 in Resources */,
			);
			runOnlyForDeploymentPostprocessing = 0;
		};
/* End PBXResourcesBuildPhase section */

/* Begin PBXSourcesBuildPhase section */
		EE54BD8327204EF0002F6272 /* Sources */ = {
			isa = PBXSourcesBuildPhase;
			buildActionMask = 2147483647;
			files = (
				EE5FDC7E2764C46300BC497D /* StartView.swift in Sources */,
				EE31B9E327575CAE00020292 /* PomodorosView.swift in Sources */,
				EEEEB305276ED4B9009C7589 /* EditView.swift in Sources */,
				EEC9D5A92761F3B400FC1124 /* StickHeroGameScene.swift in Sources */,
				EEA9EECB27476E7700595B23 /* PriorityType.swift in Sources */,
				EE3DE979276B155800A2BD52 /* FirebaseManager.swift in Sources */,
				EE724199273CAD28005D8D2A /* ItemModel.swift in Sources */,
				EE72419B273CB7DA005D8D2A /* TasksView.swift in Sources */,
				EEC9D5A42761F3B400FC1124 /* GameViewController.swift in Sources */,
				EE5ED450276C622A00605E1F /* UserModel.swift in Sources */,
				EE54BD8B27204EF0002F6272 /* ToDoApp.swift in Sources */,
				EE31B9E52757651B00020292 /* PomodoroView.swift in Sources */,
				EEE0C29E27688A9700E9ADE1 /* SoundManager.swift in Sources */,
				EE16B0FB273CDBCB001CB3B4 /* TaskView.swift in Sources */,
				EEC9D5AA2761F3B400FC1124 /* Tools.swift in Sources */,
				EEC9D5A62761F3B400FC1124 /* Defined.swift in Sources */,
				EE724193273C0895005D8D2A /* AddView.swift in Sources */,
				EE5FDC802764C4EF00BC497D /* NoGameView.swift in Sources */,
				EE3DE976276AF0BF00A2BD52 /* LoginView.swift in Sources */,
				EE72419D273CB850005D8D2A /* TasksVM.swift in Sources */,
				EEA303DA274E691D00C5486E /* TimerView.swift in Sources */,
				EE5F67BB2761FBA3003A031A /* GameView.swift in Sources */,
				EEC255072761B99E00BD5078 /* PlayView.swift in Sources */,
				EEE0C29A27686F5900E9ADE1 /* SettingsView.swift in Sources */,
			);
			runOnlyForDeploymentPostprocessing = 0;
		};
/* End PBXSourcesBuildPhase section */

/* Begin XCBuildConfiguration section */
		EE54BD9327204EF0002F6272 /* Debug */ = {
			isa = XCBuildConfiguration;
			buildSettings = {
				ALWAYS_SEARCH_USER_PATHS = NO;
				CLANG_ANALYZER_NONNULL = YES;
				CLANG_ANALYZER_NUMBER_OBJECT_CONVERSION = YES_AGGRESSIVE;
				CLANG_CXX_LANGUAGE_STANDARD = "gnu++17";
				CLANG_CXX_LIBRARY = "libc++";
				CLANG_ENABLE_MODULES = YES;
				CLANG_ENABLE_OBJC_ARC = YES;
				CLANG_ENABLE_OBJC_WEAK = YES;
				CLANG_WARN_BLOCK_CAPTURE_AUTORELEASING = YES;
				CLANG_WARN_BOOL_CONVERSION = YES;
				CLANG_WARN_COMMA = YES;
				CLANG_WARN_CONSTANT_CONVERSION = YES;
				CLANG_WARN_DEPRECATED_OBJC_IMPLEMENTATIONS = YES;
				CLANG_WARN_DIRECT_OBJC_ISA_USAGE = YES_ERROR;
				CLANG_WARN_DOCUMENTATION_COMMENTS = YES;
				CLANG_WARN_EMPTY_BODY = YES;
				CLANG_WARN_ENUM_CONVERSION = YES;
				CLANG_WARN_INFINITE_RECURSION = YES;
				CLANG_WARN_INT_CONVERSION = YES;
				CLANG_WARN_NON_LITERAL_NULL_CONVERSION = YES;
				CLANG_WARN_OBJC_IMPLICIT_RETAIN_SELF = YES;
				CLANG_WARN_OBJC_LITERAL_CONVERSION = YES;
				CLANG_WARN_OBJC_ROOT_CLASS = YES_ERROR;
				CLANG_WARN_QUOTED_INCLUDE_IN_FRAMEWORK_HEADER = YES;
				CLANG_WARN_RANGE_LOOP_ANALYSIS = YES;
				CLANG_WARN_STRICT_PROTOTYPES = YES;
				CLANG_WARN_SUSPICIOUS_MOVE = YES;
				CLANG_WARN_UNGUARDED_AVAILABILITY = YES_AGGRESSIVE;
				CLANG_WARN_UNREACHABLE_CODE = YES;
				CLANG_WARN__DUPLICATE_METHOD_MATCH = YES;
				COPY_PHASE_STRIP = NO;
				DEBUG_INFORMATION_FORMAT = dwarf;
				ENABLE_STRICT_OBJC_MSGSEND = YES;
				ENABLE_TESTABILITY = YES;
				GCC_C_LANGUAGE_STANDARD = gnu11;
				GCC_DYNAMIC_NO_PIC = NO;
				GCC_NO_COMMON_BLOCKS = YES;
				GCC_OPTIMIZATION_LEVEL = 0;
				GCC_PREPROCESSOR_DEFINITIONS = (
					"DEBUG=1",
					"$(inherited)",
				);
				GCC_WARN_64_TO_32_BIT_CONVERSION = YES;
				GCC_WARN_ABOUT_RETURN_TYPE = YES_ERROR;
				GCC_WARN_UNDECLARED_SELECTOR = YES;
				GCC_WARN_UNINITIALIZED_AUTOS = YES_AGGRESSIVE;
				GCC_WARN_UNUSED_FUNCTION = YES;
				GCC_WARN_UNUSED_VARIABLE = YES;
				IPHONEOS_DEPLOYMENT_TARGET = 15.0;
				MTL_ENABLE_DEBUG_INFO = INCLUDE_SOURCE;
				MTL_FAST_MATH = YES;
				ONLY_ACTIVE_ARCH = YES;
				SDKROOT = iphoneos;
				SWIFT_ACTIVE_COMPILATION_CONDITIONS = DEBUG;
				SWIFT_OPTIMIZATION_LEVEL = "-Onone";
			};
			name = Debug;
		};
		EE54BD9427204EF0002F6272 /* Release */ = {
			isa = XCBuildConfiguration;
			buildSettings = {
				ALWAYS_SEARCH_USER_PATHS = NO;
				CLANG_ANALYZER_NONNULL = YES;
				CLANG_ANALYZER_NUMBER_OBJECT_CONVERSION = YES_AGGRESSIVE;
				CLANG_CXX_LANGUAGE_STANDARD = "gnu++17";
				CLANG_CXX_LIBRARY = "libc++";
				CLANG_ENABLE_MODULES = YES;
				CLANG_ENABLE_OBJC_ARC = YES;
				CLANG_ENABLE_OBJC_WEAK = YES;
				CLANG_WARN_BLOCK_CAPTURE_AUTORELEASING = YES;
				CLANG_WARN_BOOL_CONVERSION = YES;
				CLANG_WARN_COMMA = YES;
				CLANG_WARN_CONSTANT_CONVERSION = YES;
				CLANG_WARN_DEPRECATED_OBJC_IMPLEMENTATIONS = YES;
				CLANG_WARN_DIRECT_OBJC_ISA_USAGE = YES_ERROR;
				CLANG_WARN_DOCUMENTATION_COMMENTS = YES;
				CLANG_WARN_EMPTY_BODY = YES;
				CLANG_WARN_ENUM_CONVERSION = YES;
				CLANG_WARN_INFINITE_RECURSION = YES;
				CLANG_WARN_INT_CONVERSION = YES;
				CLANG_WARN_NON_LITERAL_NULL_CONVERSION = YES;
				CLANG_WARN_OBJC_IMPLICIT_RETAIN_SELF = YES;
				CLANG_WARN_OBJC_LITERAL_CONVERSION = YES;
				CLANG_WARN_OBJC_ROOT_CLASS = YES_ERROR;
				CLANG_WARN_QUOTED_INCLUDE_IN_FRAMEWORK_HEADER = YES;
				CLANG_WARN_RANGE_LOOP_ANALYSIS = YES;
				CLANG_WARN_STRICT_PROTOTYPES = YES;
				CLANG_WARN_SUSPICIOUS_MOVE = YES;
				CLANG_WARN_UNGUARDED_AVAILABILITY = YES_AGGRESSIVE;
				CLANG_WARN_UNREACHABLE_CODE = YES;
				CLANG_WARN__DUPLICATE_METHOD_MATCH = YES;
				COPY_PHASE_STRIP = NO;
				DEBUG_INFORMATION_FORMAT = "dwarf-with-dsym";
				ENABLE_NS_ASSERTIONS = NO;
				ENABLE_STRICT_OBJC_MSGSEND = YES;
				GCC_C_LANGUAGE_STANDARD = gnu11;
				GCC_NO_COMMON_BLOCKS = YES;
				GCC_WARN_64_TO_32_BIT_CONVERSION = YES;
				GCC_WARN_ABOUT_RETURN_TYPE = YES_ERROR;
				GCC_WARN_UNDECLARED_SELECTOR = YES;
				GCC_WARN_UNINITIALIZED_AUTOS = YES_AGGRESSIVE;
				GCC_WARN_UNUSED_FUNCTION = YES;
				GCC_WARN_UNUSED_VARIABLE = YES;
				IPHONEOS_DEPLOYMENT_TARGET = 15.0;
				MTL_ENABLE_DEBUG_INFO = NO;
				MTL_FAST_MATH = YES;
				SDKROOT = iphoneos;
				SWIFT_COMPILATION_MODE = wholemodule;
				SWIFT_OPTIMIZATION_LEVEL = "-O";
				VALIDATE_PRODUCT = YES;
			};
			name = Release;
		};
		EE54BD9627204EF0002F6272 /* Debug */ = {
			isa = XCBuildConfiguration;
			buildSettings = {
				ASSETCATALOG_COMPILER_APPICON_NAME = AppIcon;
				ASSETCATALOG_COMPILER_GLOBAL_ACCENT_COLOR_NAME = AccentColor;
				CODE_SIGN_STYLE = Automatic;
				CURRENT_PROJECT_VERSION = 1;
				DEVELOPMENT_ASSET_PATHS = "\"ToDo/Preview Content\"";
				DEVELOPMENT_TEAM = 72F6J4LX8J;
				ENABLE_PREVIEWS = YES;
				GENERATE_INFOPLIST_FILE = YES;
				INFOPLIST_KEY_UIApplicationSceneManifest_Generation = YES;
				INFOPLIST_KEY_UIApplicationSupportsIndirectInputEvents = YES;
				INFOPLIST_KEY_UILaunchScreen_Generation = YES;
				INFOPLIST_KEY_UISupportedInterfaceOrientations_iPad = "UIInterfaceOrientationPortrait UIInterfaceOrientationPortraitUpsideDown UIInterfaceOrientationLandscapeLeft UIInterfaceOrientationLandscapeRight";
				INFOPLIST_KEY_UISupportedInterfaceOrientations_iPhone = "UIInterfaceOrientationPortrait UIInterfaceOrientationLandscapeLeft UIInterfaceOrientationLandscapeRight";
				IPHONEOS_DEPLOYMENT_TARGET = 15.0;
				LD_RUNPATH_SEARCH_PATHS = (
					"$(inherited)",
					"@executable_path/Frameworks",
				);
				MARKETING_VERSION = 1.0;
				PRODUCT_BUNDLE_IDENTIFIER = com.chyngys.ToDo;
				PRODUCT_NAME = "$(TARGET_NAME)";
				SWIFT_EMIT_LOC_STRINGS = YES;
				SWIFT_VERSION = 5.0;
				TARGETED_DEVICE_FAMILY = "1,2";
			};
			name = Debug;
		};
		EE54BD9727204EF0002F6272 /* Release */ = {
			isa = XCBuildConfiguration;
			buildSettings = {
				ASSETCATALOG_COMPILER_APPICON_NAME = AppIcon;
				ASSETCATALOG_COMPILER_GLOBAL_ACCENT_COLOR_NAME = AccentColor;
				CODE_SIGN_STYLE = Automatic;
				CURRENT_PROJECT_VERSION = 1;
				DEVELOPMENT_ASSET_PATHS = "\"ToDo/Preview Content\"";
				DEVELOPMENT_TEAM = 72F6J4LX8J;
				ENABLE_PREVIEWS = YES;
				GENERATE_INFOPLIST_FILE = YES;
				INFOPLIST_KEY_UIApplicationSceneManifest_Generation = YES;
				INFOPLIST_KEY_UIApplicationSupportsIndirectInputEvents = YES;
				INFOPLIST_KEY_UILaunchScreen_Generation = YES;
				INFOPLIST_KEY_UISupportedInterfaceOrientations_iPad = "UIInterfaceOrientationPortrait UIInterfaceOrientationPortraitUpsideDown UIInterfaceOrientationLandscapeLeft UIInterfaceOrientationLandscapeRight";
				INFOPLIST_KEY_UISupportedInterfaceOrientations_iPhone = "UIInterfaceOrientationPortrait UIInterfaceOrientationLandscapeLeft UIInterfaceOrientationLandscapeRight";
				IPHONEOS_DEPLOYMENT_TARGET = 15.0;
				LD_RUNPATH_SEARCH_PATHS = (
					"$(inherited)",
					"@executable_path/Frameworks",
				);
				MARKETING_VERSION = 1.0;
				PRODUCT_BUNDLE_IDENTIFIER = com.chyngys.ToDo;
				PRODUCT_NAME = "$(TARGET_NAME)";
				SWIFT_EMIT_LOC_STRINGS = YES;
				SWIFT_VERSION = 5.0;
				TARGETED_DEVICE_FAMILY = "1,2";
			};
			name = Release;
		};
/* End XCBuildConfiguration section */

/* Begin XCConfigurationList section */
		EE54BD8227204EF0002F6272 /* Build configuration list for PBXProject "ToDo" */ = {
			isa = XCConfigurationList;
			buildConfigurations = (
				EE54BD9327204EF0002F6272 /* Debug */,
				EE54BD9427204EF0002F6272 /* Release */,
			);
			defaultConfigurationIsVisible = 0;
			defaultConfigurationName = Release;
		};
		EE54BD9527204EF0002F6272 /* Build configuration list for PBXNativeTarget "ToDo" */ = {
			isa = XCConfigurationList;
			buildConfigurations = (
				EE54BD9627204EF0002F6272 /* Debug */,
				EE54BD9727204EF0002F6272 /* Release */,
			);
			defaultConfigurationIsVisible = 0;
			defaultConfigurationName = Release;
		};
/* End XCConfigurationList section */

/* Begin XCRemoteSwiftPackageReference section */
		EE3DE96C276AE38000A2BD52 /* XCRemoteSwiftPackageReference "firebase-ios-sdk" */ = {
			isa = XCRemoteSwiftPackageReference;
			repositoryURL = "https://github.com/firebase/firebase-ios-sdk.git";
			requirement = {
				kind = upToNextMajorVersion;
				minimumVersion = 8.0.0;
			};
		};
/* End XCRemoteSwiftPackageReference section */

/* Begin XCSwiftPackageProductDependency section */
		EE3DE96D276AE38000A2BD52 /* FirebaseAuth */ = {
			isa = XCSwiftPackageProductDependency;
			package = EE3DE96C276AE38000A2BD52 /* XCRemoteSwiftPackageReference "firebase-ios-sdk" */;
			productName = FirebaseAuth;
		};
		EE3DE96F276AE38000A2BD52 /* FirebaseFirestore */ = {
			isa = XCSwiftPackageProductDependency;
			package = EE3DE96C276AE38000A2BD52 /* XCRemoteSwiftPackageReference "firebase-ios-sdk" */;
			productName = FirebaseFirestore;
		};
		EE3DE971276AE38000A2BD52 /* FirebaseStorage */ = {
			isa = XCSwiftPackageProductDependency;
			package = EE3DE96C276AE38000A2BD52 /* XCRemoteSwiftPackageReference "firebase-ios-sdk" */;
			productName = FirebaseStorage;
		};
/* End XCSwiftPackageProductDependency section */
	};
	rootObject = EE54BD7F27204EF0002F6272 /* Project object */;
}
